
Microsoft Visual Studio Solution File, Format Version 12.00
# Visual Studio 2013
VisualStudioVersion = 12.0.31101.0
MinimumVisualStudioVersion = 10.0.40219.1
Project("{FAE04EC0-301F-11D3-BF4B-00C04F79EFBC}") = "Annex", "Annex\Annex.csproj", "{6AFCF0BC-4697-4E57-9679-4A36FD4FE991}"
EndProject
Project("{FAE04EC0-301F-11D3-BF4B-00C04F79EFBC}") = "Annex.Tests", "Annex.Tests\Annex.Tests.csproj", "{E16F41CD-2AA0-4F51-A8E4-8B85054E16BE}"
EndProject
Project("{2150E333-8FDC-42A3-9474-1A3956D46DE8}") = ".nuget", ".nuget", "{3937D297-ABCA-4AFE-BB87-1138D7B24709}"
	ProjectSection(SolutionItems) = preProject
		.nuget\packages.config = .nuget\packages.config
	EndProjectSection
EndProject
Project("{2150E333-8FDC-42A3-9474-1A3956D46DE8}") = "Build", "Build", "{22C84806-E0F9-4954-B609-93333A8431B5}"
	ProjectSection(SolutionItems) = preProject
		annex.nuspec = annex.nuspec
		..\build\build.proj = ..\build\build.proj
		..\LICENSE = ..\LICENSE
	EndProjectSection
EndProject
Global
	GlobalSection(SolutionConfigurationPlatforms) = preSolution
		Debug|Any CPU = Debug|Any CPU
		Release|Any CPU = Release|Any CPU
	EndGlobalSection
	GlobalSection(ProjectConfigurationPlatforms) = postSolution
		{6AFCF0BC-4697-4E57-9679-4A36FD4FE991}.Debug|Any CPU.ActiveCfg = Debug|Any CPU
		{6AFCF0BC-4697-4E57-9679-4A36FD4FE991}.Debug|Any CPU.Build.0 = Debug|Any CPU
		{6AFCF0BC-4697-4E57-9679-4A36FD4FE991}.Release|Any CPU.ActiveCfg = Release|Any CPU
		{6AFCF0BC-4697-4E57-9679-4A36FD4FE991}.Release|Any CPU.Build.0 = Release|Any CPU
		{E16F41CD-2AA0-4F51-A8E4-8B85054E16BE}.Debug|Any CPU.ActiveCfg = Debug|Any CPU
		{E16F41CD-2AA0-4F51-A8E4-8B85054E16BE}.Debug|Any CPU.Build.0 = Debug|Any CPU
		{E16F41CD-2AA0-4F51-A8E4-8B85054E16BE}.Release|Any CPU.ActiveCfg = Release|Any CPU
		{E16F41CD-2AA0-4F51-A8E4-8B85054E16BE}.Release|Any CPU.Build.0 = Release|Any CPU
	EndGlobalSection
	GlobalSection(SolutionProperties) = preSolution
		HideSolutionNode = FALSE
	EndGlobalSection
EndGlobal
